
Microsoft Visual Studio Solution File, Format Version 12.00
# Visual Studio Version 17
VisualStudioVersion = 17.5.002.0
MinimumVisualStudioVersion = 10.0.40219.1
Project("{9A19103F-16F7-4668-BE54-9A1E7A4F7556}") = "gimnasio-web-api", "gimnasio-web-api.csproj", "{54B3E82C-C344-41F1-AE9F-25C9E8ED0C20}"
EndProject
Global
	GlobalSection(SolutionConfigurationPlatforms) = preSolution
		Debug|Any CPU = Debug|Any CPU
		Release|Any CPU = Release|Any CPU
	EndGlobalSection
	GlobalSection(ProjectConfigurationPlatforms) = postSolution
		{54B3E82C-C344-41F1-AE9F-25C9E8ED0C20}.Debug|Any CPU.ActiveCfg = Debug|Any CPU
		{54B3E82C-C344-41F1-AE9F-25C9E8ED0C20}.Debug|Any CPU.Build.0 = Debug|Any CPU
		{54B3E82C-C344-41F1-AE9F-25C9E8ED0C20}.Release|Any CPU.ActiveCfg = Release|Any CPU
		{54B3E82C-C344-41F1-AE9F-25C9E8ED0C20}.Release|Any CPU.Build.0 = Release|Any CPU
	EndGlobalSection
	GlobalSection(SolutionProperties) = preSolution
		HideSolutionNode = FALSE
	EndGlobalSection
	GlobalSection(ExtensibilityGlobals) = postSolution
		SolutionGuid = {9F3E28C2-8272-431A-B3D9-09961415EF0E}
	EndGlobalSection
EndGlobal
